# THIS IS AN AUTOGENERATED FILE. DO NOT EDIT THIS FILE DIRECTLY.
# yarn lockfile v1


"@types/node@^20.9.0":
  version "20.9.0"
  resolved "https://registry.yarnpkg.com/@types/node/-/node-20.9.0.tgz#bfcdc230583aeb891cf51e73cfdaacdd8deae298"
  integrity sha512-nekiGu2NDb1BcVofVcEKMIwzlx4NjHlcjhoxxKBNLtz15Y1z7MYf549DFvkHSId02Ax6kGwWntIBPC3l/JZcmw==
  dependencies:
    undici-types "~5.26.4"

"@types/prop-types@*":
  version "15.7.10"
  resolved "https://registry.yarnpkg.com/@types/prop-types/-/prop-types-15.7.10.tgz#892afc9332c4d62a5ea7e897fe48ed2085bbb08a"
  integrity sha512-mxSnDQxPqsZxmeShFH+uwQ4kO4gcJcGahjjMFeLbKE95IAZiiZyiEepGZjtXJ7hN/yfu0bu9xN2ajcU0JcxX6A==

"@types/react@^18.2.37":
  version "18.2.37"
  resolved "https://registry.yarnpkg.com/@types/react/-/react-18.2.37.tgz#0f03af69e463c0f19a356c2660dbca5d19c44cae"
  integrity sha512-RGAYMi2bhRgEXT3f4B92WTohopH6bIXw05FuGlmJEnv/omEn190+QYEIYxIAuIBdKgboYYdVved2p1AxZVQnaw==
  dependencies:
    "@types/prop-types" "*"
    "@types/scheduler" "*"
    csstype "^3.0.2"

"@types/scheduler@*":
  version "0.16.6"
  resolved "https://registry.yarnpkg.com/@types/scheduler/-/scheduler-0.16.6.tgz#eb26db6780c513de59bee0b869ef289ad3068711"
  integrity sha512-Vlktnchmkylvc9SnwwwozTv04L/e1NykF5vgoQ0XTmI8DD+wxfjQuHuvHS3p0r2jz2x2ghPs2h1FVeDirIteWA==

csstype@^3.0.2:
  version "3.1.2"
  resolved "https://registry.yarnpkg.com/csstype/-/csstype-3.1.2.tgz#1d4bf9d572f11c14031f0436e1c10bc1f571f50b"
  integrity sha512-I7K1Uu0MBPzaFKg4nI5Q7Vs2t+3gWWW648spaF+Rg7pI9ds18Ugn+lvg4SHczUdKlHI5LWBXyqfS8+DufyBsgQ==

typescript@^5.2.2:
  version "5.2.2"
  resolved "https://registry.yarnpkg.com/typescript/-/typescript-5.2.2.tgz#5ebb5e5a5b75f085f22bc3f8460fba308310fa78"
  integrity sha512-mI4WrpHsbCIcwT9cF4FZvr80QUeKvsUsUvKDoR+X/7XHQH98xYD8YHZg7ANtz2GtZt/CBq2QJ0thkGJMHfqc1w==

undici-types@~5.26.4:
  version "5.26.5"
  resolved "https://registry.yarnpkg.com/undici-types/-/undici-types-5.26.5.tgz#bcd539893d00b56e964fd2657a4866b221a65617"
  integrity sha512-JlCMO+ehdEIKqlFxk6IfVoAUVmgz7cU7zD/h9XZ0qzeosSHmUJVOzSQvvYSYWXkFXC+IfLKSIffhv0sVZup6pA==
